<?xml version="1.0" encoding="utf-8"?>
<Project ToolsVersion="4.0" xmlns="http://schemas.microsoft.com/developer/msbuild/2003">
  <ItemGroup>
    <Filter Include="Script">
      <UniqueIdentifier>{585f2ba7-813f-4532-9a95-b2967ae06511}</UniqueIdentifier>
    </Filter>
    <Filter Include="Default">
      <UniqueIdentifier>{6546fd48-44d9-4960-9249-56cca8c1ccc0}</UniqueIdentifier>
    </Filter>
    <Filter Include="ScriptMgr">
      <UniqueIdentifier>{78d2676d-e9d6-47ca-8d90-52e8d457d264}</UniqueIdentifier>
    </Filter>
    <Filter Include="Script\Cam">
      <UniqueIdentifier>{fd09dc36-c00e-45bb-8be0-75c286d9a8bc}</UniqueIdentifier>
    </Filter>
    <Filter Include="Script\Test">
      <UniqueIdentifier>{ea948113-95ce-4848-908a-1852e7aa190c}</UniqueIdentifier>
    </Filter>
    <Filter Include="Script\PathFinderScript">
      <UniqueIdentifier>{83e226c8-ae1b-4ea0-aac7-fece3deb6e7c}</UniqueIdentifier>
    </Filter>
    <Filter Include="Script\MonsterMoveScript">
      <UniqueIdentifier>{3400bf0f-3f2b-4ab7-ac6d-15ec4067f13e}</UniqueIdentifier>
    </Filter>
  </ItemGroup>
  <ItemGroup>
    <ClInclude Include="CMissileScript.h">
      <Filter>Script</Filter>
    </ClInclude>
    <ClInclude Include="CMonsterScript.h">
      <Filter>Script</Filter>
    </ClInclude>
    <ClInclude Include="CPlayerScript.h">
      <Filter>Script</Filter>
    </ClInclude>
    <ClInclude Include="framework.h">
      <Filter>Default</Filter>
    </ClInclude>
    <ClInclude Include="pch.h">
      <Filter>Default</Filter>
    </ClInclude>
    <ClInclude Include="CScriptMgr.h">
      <Filter>ScriptMgr</Filter>
    </ClInclude>
    <ClInclude Include="CGravityScript.h">
      <Filter>Script</Filter>
    </ClInclude>
    <ClInclude Include="CPlanetScript.h">
      <Filter>Script</Filter>
    </ClInclude>
    <ClInclude Include="CCameraMoveScript.h">
      <Filter>Script\Cam</Filter>
    </ClInclude>
    <ClInclude Include="CShoulderViewScript.h">
      <Filter>Script\Cam</Filter>
    </ClInclude>
    <ClInclude Include="CCharacterMoveScript.h">
      <Filter>Script\Test</Filter>
    </ClInclude>
    <ClInclude Include="CTestScript.h">
      <Filter>Script\Test</Filter>
    </ClInclude>
    <ClInclude Include="CPathFinderScript.h">
      <Filter>Script\PathFinderScript</Filter>
    </ClInclude>
    <ClInclude Include="CMonsterMoveScript.h">
      <Filter>Script\MonsterMoveScript</Filter>
    </ClInclude>
  </ItemGroup>
  <ItemGroup>
    <ClCompile Include="CMissileScript.cpp">
      <Filter>Script</Filter>
    </ClCompile>
    <ClCompile Include="CMonsterScript.cpp">
      <Filter>Script</Filter>
    </ClCompile>
    <ClCompile Include="CPlayerScript.cpp">
      <Filter>Script</Filter>
    </ClCompile>
    <ClCompile Include="pch.cpp">
      <Filter>Default</Filter>
    </ClCompile>
    <ClCompile Include="Script.cpp">
      <Filter>Default</Filter>
    </ClCompile>
    <ClCompile Include="CScriptMgr.cpp">
      <Filter>ScriptMgr</Filter>
    </ClCompile>
    <ClCompile Include="CGravityScript.cpp">
      <Filter>Script</Filter>
    </ClCompile>
    <ClCompile Include="CPlanetScript.cpp">
      <Filter>Script</Filter>
    </ClCompile>
    <ClCompile Include="CCameraMoveScript.cpp">
      <Filter>Script\Cam</Filter>
    </ClCompile>
    <ClCompile Include="CShoulderViewScript.cpp">
      <Filter>Script\Cam</Filter>
    </ClCompile>
    <ClCompile Include="CCharacterMoveScript.cpp">
      <Filter>Script\Test</Filter>
    </ClCompile>
    <ClCompile Include="CTestScript.cpp">
      <Filter>Script\Test</Filter>
    </ClCompile>
    <ClCompile Include="CPathFinderScript.cpp">
      <Filter>Script\PathFinderScript</Filter>
    </ClCompile>
    <ClCompile Include="CMonsterMoveScript.cpp">
      <Filter>Script\MonsterMoveScript</Filter>
    </ClCompile>
  </ItemGroup>
</Project>