<?xml version="1.0" encoding="utf-8"?>
<Project ToolsVersion="4.0" xmlns="http://schemas.microsoft.com/developer/msbuild/2003">
  <ItemGroup>
    <Filter Include="Script">
      <UniqueIdentifier>{585f2ba7-813f-4532-9a95-b2967ae06511}</UniqueIdentifier>
    </Filter>
    <Filter Include="Default">
      <UniqueIdentifier>{6546fd48-44d9-4960-9249-56cca8c1ccc0}</UniqueIdentifier>
    </Filter>
    <Filter Include="ScriptMgr">
      <UniqueIdentifier>{78d2676d-e9d6-47ca-8d90-52e8d457d264}</UniqueIdentifier>
    </Filter>
    <Filter Include="Script\Creature">
      <UniqueIdentifier>{e4d48d2f-a9ad-4547-b2f1-4c317d0f117b}</UniqueIdentifier>
    </Filter>
    <Filter Include="Script\Object">
      <UniqueIdentifier>{53652c8b-ecfb-4876-b387-fdb9fa1280a4}</UniqueIdentifier>
    </Filter>
    <Filter Include="Script\Sample">
      <UniqueIdentifier>{8e4e6880-39a0-42b5-bc5b-81bf163bf2d5}</UniqueIdentifier>
    </Filter>
    <Filter Include="Script\System">
      <UniqueIdentifier>{29cebafc-4277-4c64-8246-7c240ac31e72}</UniqueIdentifier>
    </Filter>
    <Filter Include="Script\Creature\Boss">
      <UniqueIdentifier>{326b6fc8-ea07-444a-8974-0a7b333e3bd5}</UniqueIdentifier>
    </Filter>
    <Filter Include="Script\Creature\Boss\B_FSM">
      <UniqueIdentifier>{deec3160-b9cc-4e1a-9bb2-c6af22bb3b79}</UniqueIdentifier>
    </Filter>
    <Filter Include="Script\Creature\Monster">
      <UniqueIdentifier>{f0a41fb9-4f8a-4e2a-afe3-db97a8a1aa13}</UniqueIdentifier>
    </Filter>
    <Filter Include="Script\Creature\Monster\M_FSM">
      <UniqueIdentifier>{6aa21f24-1bf5-4948-84f6-f06f8965e64c}</UniqueIdentifier>
    </Filter>
    <Filter Include="Script\Creature\Player">
      <UniqueIdentifier>{f51448b5-1b50-4343-a74a-7cf10e4396c6}</UniqueIdentifier>
    </Filter>
    <Filter Include="Script\Creature\Player\P_FSM">
      <UniqueIdentifier>{31662f34-2a1a-42ee-b502-80d7f66cc229}</UniqueIdentifier>
    </Filter>
    <Filter Include="Script\Object\Dynamic">
      <UniqueIdentifier>{c1ad46a5-8905-4745-8d14-47d2dbc3d5e5}</UniqueIdentifier>
    </Filter>
    <Filter Include="Script\Object\Static">
      <UniqueIdentifier>{f4102aa0-fdb7-426b-a9dc-87ebdab96ff5}</UniqueIdentifier>
    </Filter>
    <Filter Include="Script\Sample\FSM">
      <UniqueIdentifier>{cd6187c7-d4cf-430d-975c-67a7ca18302b}</UniqueIdentifier>
    </Filter>
    <Filter Include="Script\System\Cam">
      <UniqueIdentifier>{fd09dc36-c00e-45bb-8be0-75c286d9a8bc}</UniqueIdentifier>
    </Filter>
    <Filter Include="Script\System\PathFinderScript">
      <UniqueIdentifier>{83e226c8-ae1b-4ea0-aac7-fece3deb6e7c}</UniqueIdentifier>
    </Filter>
    <Filter Include="Script\Creature\0 base">
      <UniqueIdentifier>{920e20c9-21dc-435b-900b-efc86ddd6a21}</UniqueIdentifier>
    </Filter>
    <Filter Include="Script\Creature\Player\P_States">
      <UniqueIdentifier>{9cf99d7e-8732-44bd-9777-b4428643dc52}</UniqueIdentifier>
    </Filter>
    <Filter Include="Script\Creature\Monster\M_FSM\Lurker">
      <UniqueIdentifier>{35d12322-551c-4e8b-b561-4f86606a43c5}</UniqueIdentifier>
    </Filter>
    <Filter Include="Script\Creature\Monster\M_States">
      <UniqueIdentifier>{cf06d97b-88fd-4c9c-a213-cde583175940}</UniqueIdentifier>
    </Filter>
    <Filter Include="Script\Creature\Monster\M_States\Common">
      <UniqueIdentifier>{fc928bb5-7790-4bc5-841f-291a2b9a8b9c}</UniqueIdentifier>
    </Filter>
    <Filter Include="Script\Creature\Monster\M_States\Lurker">
      <UniqueIdentifier>{4d5ccecb-b2c3-4208-82df-d75da8352fc9}</UniqueIdentifier>
    </Filter>
  </ItemGroup>
  <ItemGroup>
    <ClInclude Include="framework.h">
      <Filter>Default</Filter>
    </ClInclude>
    <ClInclude Include="pch.h">
      <Filter>Default</Filter>
    </ClInclude>
    <ClInclude Include="CScriptMgr.h">
      <Filter>ScriptMgr</Filter>
    </ClInclude>
    <ClInclude Include="CCameraMoveScript.h">
      <Filter>Script\System\Cam</Filter>
    </ClInclude>
    <ClInclude Include="CShoulderViewScript.h">
      <Filter>Script\System\Cam</Filter>
    </ClInclude>
    <ClInclude Include="CPathFinderScript.h">
      <Filter>Script\System\PathFinderScript</Filter>
    </ClInclude>
    <ClInclude Include="CIdleStateScript.h">
      <Filter>Script\Sample\FSM</Filter>
    </ClInclude>
    <ClInclude Include="CPlayerScriptFsm.h">
      <Filter>Script\Sample\FSM</Filter>
    </ClInclude>
    <ClInclude Include="CStateScript.h">
      <Filter>Script\Sample\FSM</Filter>
    </ClInclude>
    <ClInclude Include="CPlayerScript.h">
      <Filter>Script\Sample</Filter>
    </ClInclude>
    <ClInclude Include="CCharacterMoveScript.h">
      <Filter>Script\Sample</Filter>
    </ClInclude>
    <ClInclude Include="CTestScript.h">
      <Filter>Script\Sample</Filter>
    </ClInclude>
    <ClInclude Include="CC_FSMScript.h">
      <Filter>Script\Creature\0 base</Filter>
    </ClInclude>
    <ClInclude Include="CC_StatesScript.h">
      <Filter>Script\Creature\0 base</Filter>
    </ClInclude>
    <ClInclude Include="CP_FSMScript.h">
      <Filter>Script\Creature\Player\P_FSM</Filter>
    </ClInclude>
    <ClInclude Include="CP_STATEIdleScript.h">
      <Filter>Script\Creature\Player\P_States</Filter>
    </ClInclude>
    <ClInclude Include="CP_STATEMoveScript.h">
      <Filter>Script\Creature\Player\P_States</Filter>
    </ClInclude>
    <ClInclude Include="CP_StatesScript.h">
      <Filter>Script\Creature\Player\P_States</Filter>
    </ClInclude>
    <ClInclude Include="CM_Lurker_FSMScript.h">
      <Filter>Script\Creature\Monster\M_FSM\Lurker</Filter>
    </ClInclude>
    <ClInclude Include="CMonsterMoveScript.h">
      <Filter>Script\Creature\Monster\M_States\Common</Filter>
    </ClInclude>
    <ClInclude Include="CM_Lurker_StatesScript.h">
      <Filter>Script\Creature\Monster\M_States\Lurker</Filter>
    </ClInclude>
    <ClInclude Include="CM_Lurker_STATE_Idle_Script.h">
      <Filter>Script\Creature\Monster\M_States\Lurker</Filter>
    </ClInclude>
    <ClInclude Include="CM_Lurker_STATE_Sleep_Script.h">
      <Filter>Script\Creature\Monster\M_States\Lurker</Filter>
    </ClInclude>
  </ItemGroup>
  <ItemGroup>
    <ClCompile Include="pch.cpp">
      <Filter>Default</Filter>
    </ClCompile>
    <ClCompile Include="Script.cpp">
      <Filter>Default</Filter>
    </ClCompile>
    <ClCompile Include="CScriptMgr.cpp">
      <Filter>ScriptMgr</Filter>
    </ClCompile>
    <ClCompile Include="CCameraMoveScript.cpp">
      <Filter>Script\System\Cam</Filter>
    </ClCompile>
    <ClCompile Include="CShoulderViewScript.cpp">
      <Filter>Script\System\Cam</Filter>
    </ClCompile>
    <ClCompile Include="CPathFinderScript.cpp">
      <Filter>Script\System\PathFinderScript</Filter>
    </ClCompile>
    <ClCompile Include="CIdleStateScript.cpp">
      <Filter>Script\Sample\FSM</Filter>
    </ClCompile>
    <ClCompile Include="CPlayerScriptFsm.cpp">
      <Filter>Script\Sample\FSM</Filter>
    </ClCompile>
    <ClCompile Include="CStateScript.cpp">
      <Filter>Script\Sample\FSM</Filter>
    </ClCompile>
    <ClCompile Include="CPlayerScript.cpp">
      <Filter>Script\Sample</Filter>
    </ClCompile>
    <ClCompile Include="CCharacterMoveScript.cpp">
      <Filter>Script\Sample</Filter>
    </ClCompile>
    <ClCompile Include="CTestScript.cpp">
      <Filter>Script\Sample</Filter>
    </ClCompile>
    <ClCompile Include="CC_FSMScript.cpp">
      <Filter>Script\Creature\0 base</Filter>
    </ClCompile>
    <ClCompile Include="CC_StatesScript.cpp">
      <Filter>Script\Creature\0 base</Filter>
    </ClCompile>
    <ClCompile Include="CP_FSMScript.cpp">
      <Filter>Script\Creature\Player\P_FSM</Filter>
    </ClCompile>
    <ClCompile Include="CP_STATEIdleScript.cpp">
      <Filter>Script\Creature\Player\P_States</Filter>
    </ClCompile>
    <ClCompile Include="CP_STATEMoveScript.cpp">
      <Filter>Script\Creature\Player\P_States</Filter>
    </ClCompile>
    <ClCompile Include="CP_StatesScript.cpp">
      <Filter>Script\Creature\Player\P_States</Filter>
    </ClCompile>
    <ClCompile Include="CM_Lurker_FSMScript.cpp">
      <Filter>Script\Creature\Monster\M_FSM\Lurker</Filter>
    </ClCompile>
    <ClCompile Include="CMonsterMoveScript.cpp">
      <Filter>Script\Creature\Monster\M_States\Common</Filter>
    </ClCompile>
    <ClCompile Include="CM_Lurker_StatesScript.cpp">
      <Filter>Script\Creature\Monster\M_States\Lurker</Filter>
    </ClCompile>
    <ClCompile Include="CM_Lurker_STATE_Idle_Script.cpp">
      <Filter>Script\Creature\Monster\M_States\Lurker</Filter>
    </ClCompile>
    <ClCompile Include="CM_Lurker_STATE_Sleep_Script.cpp">
      <Filter>Script\Creature\Monster\M_States\Lurker</Filter>
    </ClCompile>
  </ItemGroup>
</Project>